{
  "name": "portfoliotessa",
  "requires": true,
  "lockfileVersion": 1,
  "dependencies": {
    "startbootstrap-thumbnail-gallery": {
      "version": "4.0.0-alpha",
      "resolved": "https://registry.npmjs.org/startbootstrap-thumbnail-gallery/-/startbootstrap-thumbnail-gallery-4.0.0-alpha.tgz",
      "integrity": "sha1-tJlNaX/6nYdDSN2+KAkSe/+yywI="
    }
  }
}
